
Microsoft Visual Studio Solution File, Format Version 12.00
# Visual Studio Version 17
VisualStudioVersion = 17.4.33213.308
MinimumVisualStudioVersion = 10.0.40219.1
Project("{FAE04EC0-301F-11D3-BF4B-00C04F79EFBC}") = "HW06_RefOut", "HW06_RefOut\HW06_RefOut.csproj", "{6358C7CE-576A-459F-A421-2069F3024F8F}"
EndProject
Global
	GlobalSection(SolutionConfigurationPlatforms) = preSolution
		Debug|Any CPU = Debug|Any CPU
		Release|Any CPU = Release|Any CPU
	EndGlobalSection
	GlobalSection(ProjectConfigurationPlatforms) = postSolution
		{6358C7CE-576A-459F-A421-2069F3024F8F}.Debug|Any CPU.ActiveCfg = Debug|Any CPU
		{6358C7CE-576A-459F-A421-2069F3024F8F}.Debug|Any CPU.Build.0 = Debug|Any CPU
		{6358C7CE-576A-459F-A421-2069F3024F8F}.Release|Any CPU.ActiveCfg = Release|Any CPU
		{6358C7CE-576A-459F-A421-2069F3024F8F}.Release|Any CPU.Build.0 = Release|Any CPU
	EndGlobalSection
	GlobalSection(SolutionProperties) = preSolution
		HideSolutionNode = FALSE
	EndGlobalSection
	GlobalSection(ExtensibilityGlobals) = postSolution
		SolutionGuid = {2F456538-0EBD-4193-9CFD-3E46FFD07A46}
	EndGlobalSection
EndGlobal
